
Microsoft Visual Studio Solution File, Format Version 12.00
# Visual Studio 15
VisualStudioVersion = 15.0.28010.2046
MinimumVisualStudioVersion = 10.0.40219.1
Project("{FAE04EC0-301F-11D3-BF4B-00C04F79EFBC}") = "ShareOppsMobile.Android", "ShareOppsMobile\ShareOppsMobile.Android\ShareOppsMobile.Android.csproj", "{908D406F-6615-4B8B-AFD1-6486B1779412}"
EndProject
Project("{FAE04EC0-301F-11D3-BF4B-00C04F79EFBC}") = "ShareOppsMobile.iOS", "ShareOppsMobile\ShareOppsMobile.iOS\ShareOppsMobile.iOS.csproj", "{591F098E-CF62-47A2-A37D-071493D3C820}"
EndProject
Project("{FAE04EC0-301F-11D3-BF4B-00C04F79EFBC}") = "ShareOppsMobile.UWP", "ShareOppsMobile\ShareOppsMobile.UWP\ShareOppsMobile.UWP.csproj", "{CD2E2F79-0784-437C-BD55-A38799B94408}"
EndProject
Project("{9A19103F-16F7-4668-BE54-9A1E7A4F7556}") = "ShareOppsMobile", "ShareOppsMobile\ShareOppsMobile\ShareOppsMobile.csproj", "{51C610AB-D80C-4CD7-875A-9C7EC75D2A99}"
EndProject
Project("{FAE04EC0-301F-11D3-BF4B-00C04F79EFBC}") = "ShareApi", "ShareApi\ShareApi.csproj", "{0F20ABDA-6FD8-4F0E-BFE4-11F09355984C}"
EndProject
Project("{FAE04EC0-301F-11D3-BF4B-00C04F79EFBC}") = "ShareOppsService", "ShareOppsService\ShareOppsService.csproj", "{CCF68E02-20AC-4A37-AC34-C6D2CC2FF76D}"
EndProject
Global
	GlobalSection(SolutionConfigurationPlatforms) = preSolution
		Ad-Hoc|Any CPU = Ad-Hoc|Any CPU
		Ad-Hoc|ARM = Ad-Hoc|ARM
		Ad-Hoc|iPhone = Ad-Hoc|iPhone
		Ad-Hoc|iPhoneSimulator = Ad-Hoc|iPhoneSimulator
		Ad-Hoc|x64 = Ad-Hoc|x64
		Ad-Hoc|x86 = Ad-Hoc|x86
		AppStore|Any CPU = AppStore|Any CPU
		AppStore|ARM = AppStore|ARM
		AppStore|iPhone = AppStore|iPhone
		AppStore|iPhoneSimulator = AppStore|iPhoneSimulator
		AppStore|x64 = AppStore|x64
		AppStore|x86 = AppStore|x86
		Debug|Any CPU = Debug|Any CPU
		Debug|ARM = Debug|ARM
		Debug|iPhone = Debug|iPhone
		Debug|iPhoneSimulator = Debug|iPhoneSimulator
		Debug|x64 = Debug|x64
		Debug|x86 = Debug|x86
		Release|Any CPU = Release|Any CPU
		Release|ARM = Release|ARM
		Release|iPhone = Release|iPhone
		Release|iPhoneSimulator = Release|iPhoneSimulator
		Release|x64 = Release|x64
		Release|x86 = Release|x86
	EndGlobalSection
	GlobalSection(ProjectConfigurationPlatforms) = postSolution
		{908D406F-6615-4B8B-AFD1-6486B1779412}.Ad-Hoc|Any CPU.ActiveCfg = Release|Any CPU
		{908D406F-6615-4B8B-AFD1-6486B1779412}.Ad-Hoc|Any CPU.Build.0 = Release|Any CPU
		{908D406F-6615-4B8B-AFD1-6486B1779412}.Ad-Hoc|Any CPU.Deploy.0 = Release|Any CPU
		{908D406F-6615-4B8B-AFD1-6486B1779412}.Ad-Hoc|ARM.ActiveCfg = Release|Any CPU
		{908D406F-6615-4B8B-AFD1-6486B1779412}.Ad-Hoc|ARM.Build.0 = Release|Any CPU
		{908D406F-6615-4B8B-AFD1-6486B1779412}.Ad-Hoc|ARM.Deploy.0 = Release|Any CPU
		{908D406F-6615-4B8B-AFD1-6486B1779412}.Ad-Hoc|iPhone.ActiveCfg = Release|Any CPU
		{908D406F-6615-4B8B-AFD1-6486B1779412}.Ad-Hoc|iPhone.Build.0 = Release|Any CPU
		{908D406F-6615-4B8B-AFD1-6486B1779412}.Ad-Hoc|iPhone.Deploy.0 = Release|Any CPU
		{908D406F-6615-4B8B-AFD1-6486B1779412}.Ad-Hoc|iPhoneSimulator.ActiveCfg = Release|Any CPU
		{908D406F-6615-4B8B-AFD1-6486B1779412}.Ad-Hoc|iPhoneSimulator.Build.0 = Release|Any CPU
		{908D406F-6615-4B8B-AFD1-6486B1779412}.Ad-Hoc|iPhoneSimulator.Deploy.0 = Release|Any CPU
		{908D406F-6615-4B8B-AFD1-6486B1779412}.Ad-Hoc|x64.ActiveCfg = Release|Any CPU
		{908D406F-6615-4B8B-AFD1-6486B1779412}.Ad-Hoc|x64.Build.0 = Release|Any CPU
		{908D406F-6615-4B8B-AFD1-6486B1779412}.Ad-Hoc|x64.Deploy.0 = Release|Any CPU
		{908D406F-6615-4B8B-AFD1-6486B1779412}.Ad-Hoc|x86.ActiveCfg = Release|Any CPU
		{908D406F-6615-4B8B-AFD1-6486B1779412}.Ad-Hoc|x86.Build.0 = Release|Any CPU
		{908D406F-6615-4B8B-AFD1-6486B1779412}.Ad-Hoc|x86.Deploy.0 = Release|Any CPU
		{908D406F-6615-4B8B-AFD1-6486B1779412}.AppStore|Any CPU.ActiveCfg = Release|Any CPU
		{908D406F-6615-4B8B-AFD1-6486B1779412}.AppStore|Any CPU.Build.0 = Release|Any CPU
		{908D406F-6615-4B8B-AFD1-6486B1779412}.AppStore|Any CPU.Deploy.0 = Release|Any CPU
		{908D406F-6615-4B8B-AFD1-6486B1779412}.AppStore|ARM.ActiveCfg = Release|Any CPU
		{908D406F-6615-4B8B-AFD1-6486B1779412}.AppStore|ARM.Build.0 = Release|Any CPU
		{908D406F-6615-4B8B-AFD1-6486B1779412}.AppStore|ARM.Deploy.0 = Release|Any CPU
		{908D406F-6615-4B8B-AFD1-6486B1779412}.AppStore|iPhone.ActiveCfg = Release|Any CPU
		{908D406F-6615-4B8B-AFD1-6486B1779412}.AppStore|iPhone.Build.0 = Release|Any CPU
		{908D406F-6615-4B8B-AFD1-6486B1779412}.AppStore|iPhone.Deploy.0 = Release|Any CPU
		{908D406F-6615-4B8B-AFD1-6486B1779412}.AppStore|iPhoneSimulator.ActiveCfg = Release|Any CPU
		{908D406F-6615-4B8B-AFD1-6486B1779412}.AppStore|iPhoneSimulator.Build.0 = Release|Any CPU
		{908D406F-6615-4B8B-AFD1-6486B1779412}.AppStore|iPhoneSimulator.Deploy.0 = Release|Any CPU
		{908D406F-6615-4B8B-AFD1-6486B1779412}.AppStore|x64.ActiveCfg = Release|Any CPU
		{908D406F-6615-4B8B-AFD1-6486B1779412}.AppStore|x64.Build.0 = Release|Any CPU
		{908D406F-6615-4B8B-AFD1-6486B1779412}.AppStore|x64.Deploy.0 = Release|Any CPU
		{908D406F-6615-4B8B-AFD1-6486B1779412}.AppStore|x86.ActiveCfg = Release|Any CPU
		{908D406F-6615-4B8B-AFD1-6486B1779412}.AppStore|x86.Build.0 = Release|Any CPU
		{908D406F-6615-4B8B-AFD1-6486B1779412}.AppStore|x86.Deploy.0 = Release|Any CPU
		{908D406F-6615-4B8B-AFD1-6486B1779412}.Debug|Any CPU.ActiveCfg = Debug|Any CPU
		{908D406F-6615-4B8B-AFD1-6486B1779412}.Debug|Any CPU.Build.0 = Debug|Any CPU
		{908D406F-6615-4B8B-AFD1-6486B1779412}.Debug|Any CPU.Deploy.0 = Debug|Any CPU
		{908D406F-6615-4B8B-AFD1-6486B1779412}.Debug|ARM.ActiveCfg = Debug|Any CPU
		{908D406F-6615-4B8B-AFD1-6486B1779412}.Debug|ARM.Build.0 = Debug|Any CPU
		{908D406F-6615-4B8B-AFD1-6486B1779412}.Debug|ARM.Deploy.0 = Debug|Any CPU
		{908D406F-6615-4B8B-AFD1-6486B1779412}.Debug|iPhone.ActiveCfg = Debug|Any CPU
		{908D406F-6615-4B8B-AFD1-6486B1779412}.Debug|iPhone.Build.0 = Debug|Any CPU
		{908D406F-6615-4B8B-AFD1-6486B1779412}.Debug|iPhone.Deploy.0 = Debug|Any CPU
		{908D406F-6615-4B8B-AFD1-6486B1779412}.Debug|iPhoneSimulator.ActiveCfg = Debug|Any CPU
		{908D406F-6615-4B8B-AFD1-6486B1779412}.Debug|iPhoneSimulator.Build.0 = Debug|Any CPU
		{908D406F-6615-4B8B-AFD1-6486B1779412}.Debug|iPhoneSimulator.Deploy.0 = Debug|Any CPU
		{908D406F-6615-4B8B-AFD1-6486B1779412}.Debug|x64.ActiveCfg = Debug|Any CPU
		{908D406F-6615-4B8B-AFD1-6486B1779412}.Debug|x64.Build.0 = Debug|Any CPU
		{908D406F-6615-4B8B-AFD1-6486B1779412}.Debug|x64.Deploy.0 = Debug|Any CPU
		{908D406F-6615-4B8B-AFD1-6486B1779412}.Debug|x86.ActiveCfg = Debug|Any CPU
		{908D406F-6615-4B8B-AFD1-6486B1779412}.Debug|x86.Build.0 = Debug|Any CPU
		{908D406F-6615-4B8B-AFD1-6486B1779412}.Debug|x86.Deploy.0 = Debug|Any CPU
		{908D406F-6615-4B8B-AFD1-6486B1779412}.Release|Any CPU.ActiveCfg = Release|Any CPU
		{908D406F-6615-4B8B-AFD1-6486B1779412}.Release|ARM.ActiveCfg = Release|Any CPU
		{908D406F-6615-4B8B-AFD1-6486B1779412}.Release|ARM.Build.0 = Release|Any CPU
		{908D406F-6615-4B8B-AFD1-6486B1779412}.Release|ARM.Deploy.0 = Release|Any CPU
		{908D406F-6615-4B8B-AFD1-6486B1779412}.Release|iPhone.ActiveCfg = Release|Any CPU
		{908D406F-6615-4B8B-AFD1-6486B1779412}.Release|iPhone.Build.0 = Release|Any CPU
		{908D406F-6615-4B8B-AFD1-6486B1779412}.Release|iPhone.Deploy.0 = Release|Any CPU
		{908D406F-6615-4B8B-AFD1-6486B1779412}.Release|iPhoneSimulator.ActiveCfg = Release|Any CPU
		{908D406F-6615-4B8B-AFD1-6486B1779412}.Release|iPhoneSimulator.Build.0 = Release|Any CPU
		{908D406F-6615-4B8B-AFD1-6486B1779412}.Release|iPhoneSimulator.Deploy.0 = Release|Any CPU
		{908D406F-6615-4B8B-AFD1-6486B1779412}.Release|x64.ActiveCfg = Release|Any CPU
		{908D406F-6615-4B8B-AFD1-6486B1779412}.Release|x64.Build.0 = Release|Any CPU
		{908D406F-6615-4B8B-AFD1-6486B1779412}.Release|x64.Deploy.0 = Release|Any CPU
		{908D406F-6615-4B8B-AFD1-6486B1779412}.Release|x86.ActiveCfg = Release|Any CPU
		{908D406F-6615-4B8B-AFD1-6486B1779412}.Release|x86.Build.0 = Release|Any CPU
		{908D406F-6615-4B8B-AFD1-6486B1779412}.Release|x86.Deploy.0 = Release|Any CPU
		{591F098E-CF62-47A2-A37D-071493D3C820}.Ad-Hoc|Any CPU.ActiveCfg = Ad-Hoc|iPhone
		{591F098E-CF62-47A2-A37D-071493D3C820}.Ad-Hoc|Any CPU.Build.0 = Ad-Hoc|iPhone
		{591F098E-CF62-47A2-A37D-071493D3C820}.Ad-Hoc|Any CPU.Deploy.0 = Ad-Hoc|iPhone
		{591F098E-CF62-47A2-A37D-071493D3C820}.Ad-Hoc|ARM.ActiveCfg = Ad-Hoc|iPhone
		{591F098E-CF62-47A2-A37D-071493D3C820}.Ad-Hoc|ARM.Build.0 = Ad-Hoc|iPhone
		{591F098E-CF62-47A2-A37D-071493D3C820}.Ad-Hoc|ARM.Deploy.0 = Ad-Hoc|iPhone
		{591F098E-CF62-47A2-A37D-071493D3C820}.Ad-Hoc|iPhone.ActiveCfg = Ad-Hoc|iPhone
		{591F098E-CF62-47A2-A37D-071493D3C820}.Ad-Hoc|iPhone.Build.0 = Ad-Hoc|iPhone
		{591F098E-CF62-47A2-A37D-071493D3C820}.Ad-Hoc|iPhone.Deploy.0 = Ad-Hoc|iPhone
		{591F098E-CF62-47A2-A37D-071493D3C820}.Ad-Hoc|iPhoneSimulator.ActiveCfg = Ad-Hoc|iPhoneSimulator
		{591F098E-CF62-47A2-A37D-071493D3C820}.Ad-Hoc|iPhoneSimulator.Build.0 = Ad-Hoc|iPhoneSimulator
		{591F098E-CF62-47A2-A37D-071493D3C820}.Ad-Hoc|iPhoneSimulator.Deploy.0 = Ad-Hoc|iPhoneSimulator
		{591F098E-CF62-47A2-A37D-071493D3C820}.Ad-Hoc|x64.ActiveCfg = Ad-Hoc|iPhone
		{591F098E-CF62-47A2-A37D-071493D3C820}.Ad-Hoc|x64.Build.0 = Ad-Hoc|iPhone
		{591F098E-CF62-47A2-A37D-071493D3C820}.Ad-Hoc|x64.Deploy.0 = Ad-Hoc|iPhone
		{591F098E-CF62-47A2-A37D-071493D3C820}.Ad-Hoc|x86.ActiveCfg = Ad-Hoc|iPhone
		{591F098E-CF62-47A2-A37D-071493D3C820}.Ad-Hoc|x86.Build.0 = Ad-Hoc|iPhone
		{591F098E-CF62-47A2-A37D-071493D3C820}.Ad-Hoc|x86.Deploy.0 = Ad-Hoc|iPhone
		{591F098E-CF62-47A2-A37D-071493D3C820}.AppStore|Any CPU.ActiveCfg = AppStore|iPhone
		{591F098E-CF62-47A2-A37D-071493D3C820}.AppStore|Any CPU.Build.0 = AppStore|iPhone
		{591F098E-CF62-47A2-A37D-071493D3C820}.AppStore|Any CPU.Deploy.0 = AppStore|iPhone
		{591F098E-CF62-47A2-A37D-071493D3C820}.AppStore|ARM.ActiveCfg = AppStore|iPhone
		{591F098E-CF62-47A2-A37D-071493D3C820}.AppStore|ARM.Build.0 = AppStore|iPhone
		{591F098E-CF62-47A2-A37D-071493D3C820}.AppStore|ARM.Deploy.0 = AppStore|iPhone
		{591F098E-CF62-47A2-A37D-071493D3C820}.AppStore|iPhone.ActiveCfg = AppStore|iPhone
		{591F098E-CF62-47A2-A37D-071493D3C820}.AppStore|iPhone.Build.0 = AppStore|iPhone
		{591F098E-CF62-47A2-A37D-071493D3C820}.AppStore|iPhone.Deploy.0 = AppStore|iPhone
		{591F098E-CF62-47A2-A37D-071493D3C820}.AppStore|iPhoneSimulator.ActiveCfg = AppStore|iPhoneSimulator
		{591F098E-CF62-47A2-A37D-071493D3C820}.AppStore|iPhoneSimulator.Build.0 = AppStore|iPhoneSimulator
		{591F098E-CF62-47A2-A37D-071493D3C820}.AppStore|iPhoneSimulator.Deploy.0 = AppStore|iPhoneSimulator
		{591F098E-CF62-47A2-A37D-071493D3C820}.AppStore|x64.ActiveCfg = AppStore|iPhone
		{591F098E-CF62-47A2-A37D-071493D3C820}.AppStore|x64.Build.0 = AppStore|iPhone
		{591F098E-CF62-47A2-A37D-071493D3C820}.AppStore|x64.Deploy.0 = AppStore|iPhone
		{591F098E-CF62-47A2-A37D-071493D3C820}.AppStore|x86.ActiveCfg = AppStore|iPhone
		{591F098E-CF62-47A2-A37D-071493D3C820}.AppStore|x86.Build.0 = AppStore|iPhone
		{591F098E-CF62-47A2-A37D-071493D3C820}.AppStore|x86.Deploy.0 = AppStore|iPhone
		{591F098E-CF62-47A2-A37D-071493D3C820}.Debug|Any CPU.ActiveCfg = Debug|iPhoneSimulator
		{591F098E-CF62-47A2-A37D-071493D3C820}.Debug|Any CPU.Deploy.0 = Debug|iPhoneSimulator
		{591F098E-CF62-47A2-A37D-071493D3C820}.Debug|ARM.ActiveCfg = Debug|iPhone
		{591F098E-CF62-47A2-A37D-071493D3C820}.Debug|ARM.Build.0 = Debug|iPhone
		{591F098E-CF62-47A2-A37D-071493D3C820}.Debug|ARM.Deploy.0 = Debug|iPhone
		{591F098E-CF62-47A2-A37D-071493D3C820}.Debug|iPhone.ActiveCfg = Debug|iPhone
		{591F098E-CF62-47A2-A37D-071493D3C820}.Debug|iPhone.Build.0 = Debug|iPhone
		{591F098E-CF62-47A2-A37D-071493D3C820}.Debug|iPhone.Deploy.0 = Debug|iPhone
		{591F098E-CF62-47A2-A37D-071493D3C820}.Debug|iPhoneSimulator.ActiveCfg = Debug|iPhoneSimulator
		{591F098E-CF62-47A2-A37D-071493D3C820}.Debug|iPhoneSimulator.Build.0 = Debug|iPhoneSimulator
		{591F098E-CF62-47A2-A37D-071493D3C820}.Debug|iPhoneSimulator.Deploy.0 = Debug|iPhoneSimulator
		{591F098E-CF62-47A2-A37D-071493D3C820}.Debug|x64.ActiveCfg = Debug|iPhone
		{591F098E-CF62-47A2-A37D-071493D3C820}.Debug|x64.Build.0 = Debug|iPhone
		{591F098E-CF62-47A2-A37D-071493D3C820}.Debug|x64.Deploy.0 = Debug|iPhone
		{591F098E-CF62-47A2-A37D-071493D3C820}.Debug|x86.ActiveCfg = Debug|iPhone
		{591F098E-CF62-47A2-A37D-071493D3C820}.Debug|x86.Deploy.0 = Debug|iPhone
		{591F098E-CF62-47A2-A37D-071493D3C820}.Release|Any CPU.ActiveCfg = Release|iPhone
		{591F098E-CF62-47A2-A37D-071493D3C820}.Release|Any CPU.Deploy.0 = Release|iPhone
		{591F098E-CF62-47A2-A37D-071493D3C820}.Release|ARM.ActiveCfg = Release|iPhone
		{591F098E-CF62-47A2-A37D-071493D3C820}.Release|ARM.Build.0 = Release|iPhone
		{591F098E-CF62-47A2-A37D-071493D3C820}.Release|ARM.Deploy.0 = Release|iPhone
		{591F098E-CF62-47A2-A37D-071493D3C820}.Release|iPhone.ActiveCfg = Release|iPhone
		{591F098E-CF62-47A2-A37D-071493D3C820}.Release|iPhone.Build.0 = Release|iPhone
		{591F098E-CF62-47A2-A37D-071493D3C820}.Release|iPhone.Deploy.0 = Release|iPhone
		{591F098E-CF62-47A2-A37D-071493D3C820}.Release|iPhoneSimulator.ActiveCfg = Release|iPhoneSimulator
		{591F098E-CF62-47A2-A37D-071493D3C820}.Release|iPhoneSimulator.Build.0 = Release|iPhoneSimulator
		{591F098E-CF62-47A2-A37D-071493D3C820}.Release|iPhoneSimulator.Deploy.0 = Release|iPhoneSimulator
		{591F098E-CF62-47A2-A37D-071493D3C820}.Release|x64.ActiveCfg = Release|iPhone
		{591F098E-CF62-47A2-A37D-071493D3C820}.Release|x64.Build.0 = Release|iPhone
		{591F098E-CF62-47A2-A37D-071493D3C820}.Release|x64.Deploy.0 = Release|iPhone
		{591F098E-CF62-47A2-A37D-071493D3C820}.Release|x86.ActiveCfg = Release|iPhone
		{591F098E-CF62-47A2-A37D-071493D3C820}.Release|x86.Build.0 = Release|iPhone
		{591F098E-CF62-47A2-A37D-071493D3C820}.Release|x86.Deploy.0 = Release|iPhone
		{CD2E2F79-0784-437C-BD55-A38799B94408}.Ad-Hoc|Any CPU.ActiveCfg = Release|x86
		{CD2E2F79-0784-437C-BD55-A38799B94408}.Ad-Hoc|Any CPU.Build.0 = Release|x86
		{CD2E2F79-0784-437C-BD55-A38799B94408}.Ad-Hoc|Any CPU.Deploy.0 = Release|x86
		{CD2E2F79-0784-437C-BD55-A38799B94408}.Ad-Hoc|ARM.ActiveCfg = Release|ARM
		{CD2E2F79-0784-437C-BD55-A38799B94408}.Ad-Hoc|ARM.Build.0 = Release|ARM
		{CD2E2F79-0784-437C-BD55-A38799B94408}.Ad-Hoc|ARM.Deploy.0 = Release|ARM
		{CD2E2F79-0784-437C-BD55-A38799B94408}.Ad-Hoc|iPhone.ActiveCfg = Release|x86
		{CD2E2F79-0784-437C-BD55-A38799B94408}.Ad-Hoc|iPhone.Build.0 = Release|x86
		{CD2E2F79-0784-437C-BD55-A38799B94408}.Ad-Hoc|iPhone.Deploy.0 = Release|x86
		{CD2E2F79-0784-437C-BD55-A38799B94408}.Ad-Hoc|iPhoneSimulator.ActiveCfg = Release|x86
		{CD2E2F79-0784-437C-BD55-A38799B94408}.Ad-Hoc|iPhoneSimulator.Build.0 = Release|x86
		{CD2E2F79-0784-437C-BD55-A38799B94408}.Ad-Hoc|iPhoneSimulator.Deploy.0 = Release|x86
		{CD2E2F79-0784-437C-BD55-A38799B94408}.Ad-Hoc|x64.ActiveCfg = Release|x64
		{CD2E2F79-0784-437C-BD55-A38799B94408}.Ad-Hoc|x64.Build.0 = Release|x64
		{CD2E2F79-0784-437C-BD55-A38799B94408}.Ad-Hoc|x64.Deploy.0 = Release|x64
		{CD2E2F79-0784-437C-BD55-A38799B94408}.Ad-Hoc|x86.ActiveCfg = Release|x86
		{CD2E2F79-0784-437C-BD55-A38799B94408}.Ad-Hoc|x86.Build.0 = Release|x86
		{CD2E2F79-0784-437C-BD55-A38799B94408}.Ad-Hoc|x86.Deploy.0 = Release|x86
		{CD2E2F79-0784-437C-BD55-A38799B94408}.AppStore|Any CPU.ActiveCfg = Release|x86
		{CD2E2F79-0784-437C-BD55-A38799B94408}.AppStore|Any CPU.Build.0 = Release|x86
		{CD2E2F79-0784-437C-BD55-A38799B94408}.AppStore|Any CPU.Deploy.0 = Release|x86
		{CD2E2F79-0784-437C-BD55-A38799B94408}.AppStore|ARM.ActiveCfg = Release|ARM
		{CD2E2F79-0784-437C-BD55-A38799B94408}.AppStore|ARM.Build.0 = Release|ARM
		{CD2E2F79-0784-437C-BD55-A38799B94408}.AppStore|ARM.Deploy.0 = Release|ARM
		{CD2E2F79-0784-437C-BD55-A38799B94408}.AppStore|iPhone.ActiveCfg = Release|x86
		{CD2E2F79-0784-437C-BD55-A38799B94408}.AppStore|iPhone.Build.0 = Release|x86
		{CD2E2F79-0784-437C-BD55-A38799B94408}.AppStore|iPhone.Deploy.0 = Release|x86
		{CD2E2F79-0784-437C-BD55-A38799B94408}.AppStore|iPhoneSimulator.ActiveCfg = Release|x86
		{CD2E2F79-0784-437C-BD55-A38799B94408}.AppStore|iPhoneSimulator.Build.0 = Release|x86
		{CD2E2F79-0784-437C-BD55-A38799B94408}.AppStore|iPhoneSimulator.Deploy.0 = Release|x86
		{CD2E2F79-0784-437C-BD55-A38799B94408}.AppStore|x64.ActiveCfg = Release|x64
		{CD2E2F79-0784-437C-BD55-A38799B94408}.AppStore|x64.Build.0 = Release|x64
		{CD2E2F79-0784-437C-BD55-A38799B94408}.AppStore|x64.Deploy.0 = Release|x64
		{CD2E2F79-0784-437C-BD55-A38799B94408}.AppStore|x86.ActiveCfg = Release|x86
		{CD2E2F79-0784-437C-BD55-A38799B94408}.AppStore|x86.Build.0 = Release|x86
		{CD2E2F79-0784-437C-BD55-A38799B94408}.AppStore|x86.Deploy.0 = Release|x86
		{CD2E2F79-0784-437C-BD55-A38799B94408}.Debug|Any CPU.ActiveCfg = Debug|x86
		{CD2E2F79-0784-437C-BD55-A38799B94408}.Debug|ARM.ActiveCfg = Debug|ARM
		{CD2E2F79-0784-437C-BD55-A38799B94408}.Debug|ARM.Build.0 = Debug|ARM
		{CD2E2F79-0784-437C-BD55-A38799B94408}.Debug|ARM.Deploy.0 = Debug|ARM
		{CD2E2F79-0784-437C-BD55-A38799B94408}.Debug|iPhone.ActiveCfg = Debug|x86
		{CD2E2F79-0784-437C-BD55-A38799B94408}.Debug|iPhone.Build.0 = Debug|x86
		{CD2E2F79-0784-437C-BD55-A38799B94408}.Debug|iPhone.Deploy.0 = Debug|x86
		{CD2E2F79-0784-437C-BD55-A38799B94408}.Debug|iPhoneSimulator.ActiveCfg = Debug|x86
		{CD2E2F79-0784-437C-BD55-A38799B94408}.Debug|iPhoneSimulator.Build.0 = Debug|x86
		{CD2E2F79-0784-437C-BD55-A38799B94408}.Debug|iPhoneSimulator.Deploy.0 = Debug|x86
		{CD2E2F79-0784-437C-BD55-A38799B94408}.Debug|x64.ActiveCfg = Debug|x64
		{CD2E2F79-0784-437C-BD55-A38799B94408}.Debug|x64.Build.0 = Debug|x64
		{CD2E2F79-0784-437C-BD55-A38799B94408}.Debug|x64.Deploy.0 = Debug|x64
		{CD2E2F79-0784-437C-BD55-A38799B94408}.Debug|x86.ActiveCfg = Debug|x86
		{CD2E2F79-0784-437C-BD55-A38799B94408}.Release|Any CPU.ActiveCfg = Release|x86
		{CD2E2F79-0784-437C-BD55-A38799B94408}.Release|ARM.ActiveCfg = Release|ARM
		{CD2E2F79-0784-437C-BD55-A38799B94408}.Release|ARM.Build.0 = Release|ARM
		{CD2E2F79-0784-437C-BD55-A38799B94408}.Release|ARM.Deploy.0 = Release|ARM
		{CD2E2F79-0784-437C-BD55-A38799B94408}.Release|iPhone.ActiveCfg = Release|x86
		{CD2E2F79-0784-437C-BD55-A38799B94408}.Release|iPhone.Build.0 = Release|x86
		{CD2E2F79-0784-437C-BD55-A38799B94408}.Release|iPhone.Deploy.0 = Release|x86
		{CD2E2F79-0784-437C-BD55-A38799B94408}.Release|iPhoneSimulator.ActiveCfg = Release|x86
		{CD2E2F79-0784-437C-BD55-A38799B94408}.Release|iPhoneSimulator.Build.0 = Release|x86
		{CD2E2F79-0784-437C-BD55-A38799B94408}.Release|iPhoneSimulator.Deploy.0 = Release|x86
		{CD2E2F79-0784-437C-BD55-A38799B94408}.Release|x64.ActiveCfg = Release|x64
		{CD2E2F79-0784-437C-BD55-A38799B94408}.Release|x64.Build.0 = Release|x64
		{CD2E2F79-0784-437C-BD55-A38799B94408}.Release|x64.Deploy.0 = Release|x64
		{CD2E2F79-0784-437C-BD55-A38799B94408}.Release|x86.ActiveCfg = Release|x86
		{CD2E2F79-0784-437C-BD55-A38799B94408}.Release|x86.Build.0 = Release|x86
		{CD2E2F79-0784-437C-BD55-A38799B94408}.Release|x86.Deploy.0 = Release|x86
		{51C610AB-D80C-4CD7-875A-9C7EC75D2A99}.Ad-Hoc|Any CPU.ActiveCfg = Debug|Any CPU
		{51C610AB-D80C-4CD7-875A-9C7EC75D2A99}.Ad-Hoc|Any CPU.Build.0 = Debug|Any CPU
		{51C610AB-D80C-4CD7-875A-9C7EC75D2A99}.Ad-Hoc|Any CPU.Deploy.0 = Debug|Any CPU
		{51C610AB-D80C-4CD7-875A-9C7EC75D2A99}.Ad-Hoc|ARM.ActiveCfg = Debug|Any CPU
		{51C610AB-D80C-4CD7-875A-9C7EC75D2A99}.Ad-Hoc|ARM.Build.0 = Debug|Any CPU
		{51C610AB-D80C-4CD7-875A-9C7EC75D2A99}.Ad-Hoc|ARM.Deploy.0 = Debug|Any CPU
		{51C610AB-D80C-4CD7-875A-9C7EC75D2A99}.Ad-Hoc|iPhone.ActiveCfg = Debug|Any CPU
		{51C610AB-D80C-4CD7-875A-9C7EC75D2A99}.Ad-Hoc|iPhone.Build.0 = Debug|Any CPU
		{51C610AB-D80C-4CD7-875A-9C7EC75D2A99}.Ad-Hoc|iPhone.Deploy.0 = Debug|Any CPU
		{51C610AB-D80C-4CD7-875A-9C7EC75D2A99}.Ad-Hoc|iPhoneSimulator.ActiveCfg = Debug|Any CPU
		{51C610AB-D80C-4CD7-875A-9C7EC75D2A99}.Ad-Hoc|iPhoneSimulator.Build.0 = Debug|Any CPU
		{51C610AB-D80C-4CD7-875A-9C7EC75D2A99}.Ad-Hoc|iPhoneSimulator.Deploy.0 = Debug|Any CPU
		{51C610AB-D80C-4CD7-875A-9C7EC75D2A99}.Ad-Hoc|x64.ActiveCfg = Debug|Any CPU
		{51C610AB-D80C-4CD7-875A-9C7EC75D2A99}.Ad-Hoc|x64.Build.0 = Debug|Any CPU
		{51C610AB-D80C-4CD7-875A-9C7EC75D2A99}.Ad-Hoc|x64.Deploy.0 = Debug|Any CPU
		{51C610AB-D80C-4CD7-875A-9C7EC75D2A99}.Ad-Hoc|x86.ActiveCfg = Debug|Any CPU
		{51C610AB-D80C-4CD7-875A-9C7EC75D2A99}.Ad-Hoc|x86.Build.0 = Debug|Any CPU
		{51C610AB-D80C-4CD7-875A-9C7EC75D2A99}.Ad-Hoc|x86.Deploy.0 = Debug|Any CPU
		{51C610AB-D80C-4CD7-875A-9C7EC75D2A99}.AppStore|Any CPU.ActiveCfg = Debug|Any CPU
		{51C610AB-D80C-4CD7-875A-9C7EC75D2A99}.AppStore|Any CPU.Build.0 = Debug|Any CPU
		{51C610AB-D80C-4CD7-875A-9C7EC75D2A99}.AppStore|Any CPU.Deploy.0 = Debug|Any CPU
		{51C610AB-D80C-4CD7-875A-9C7EC75D2A99}.AppStore|ARM.ActiveCfg = Debug|Any CPU
		{51C610AB-D80C-4CD7-875A-9C7EC75D2A99}.AppStore|ARM.Build.0 = Debug|Any CPU
		{51C610AB-D80C-4CD7-875A-9C7EC75D2A99}.AppStore|ARM.Deploy.0 = Debug|Any CPU
		{51C610AB-D80C-4CD7-875A-9C7EC75D2A99}.AppStore|iPhone.ActiveCfg = Debug|Any CPU
		{51C610AB-D80C-4CD7-875A-9C7EC75D2A99}.AppStore|iPhone.Build.0 = Debug|Any CPU
		{51C610AB-D80C-4CD7-875A-9C7EC75D2A99}.AppStore|iPhone.Deploy.0 = Debug|Any CPU
		{51C610AB-D80C-4CD7-875A-9C7EC75D2A99}.AppStore|iPhoneSimulator.ActiveCfg = Debug|Any CPU
		{51C610AB-D80C-4CD7-875A-9C7EC75D2A99}.AppStore|iPhoneSimulator.Build.0 = Debug|Any CPU
		{51C610AB-D80C-4CD7-875A-9C7EC75D2A99}.AppStore|iPhoneSimulator.Deploy.0 = Debug|Any CPU
		{51C610AB-D80C-4CD7-875A-9C7EC75D2A99}.AppStore|x64.ActiveCfg = Debug|Any CPU
		{51C610AB-D80C-4CD7-875A-9C7EC75D2A99}.AppStore|x64.Build.0 = Debug|Any CPU
		{51C610AB-D80C-4CD7-875A-9C7EC75D2A99}.AppStore|x64.Deploy.0 = Debug|Any CPU
		{51C610AB-D80C-4CD7-875A-9C7EC75D2A99}.AppStore|x86.ActiveCfg = Debug|Any CPU
		{51C610AB-D80C-4CD7-875A-9C7EC75D2A99}.AppStore|x86.Build.0 = Debug|Any CPU
		{51C610AB-D80C-4CD7-875A-9C7EC75D2A99}.AppStore|x86.Deploy.0 = Debug|Any CPU
		{51C610AB-D80C-4CD7-875A-9C7EC75D2A99}.Debug|Any CPU.ActiveCfg = Debug|Any CPU
		{51C610AB-D80C-4CD7-875A-9C7EC75D2A99}.Debug|Any CPU.Build.0 = Debug|Any CPU
		{51C610AB-D80C-4CD7-875A-9C7EC75D2A99}.Debug|Any CPU.Deploy.0 = Debug|Any CPU
		{51C610AB-D80C-4CD7-875A-9C7EC75D2A99}.Debug|ARM.ActiveCfg = Debug|Any CPU
		{51C610AB-D80C-4CD7-875A-9C7EC75D2A99}.Debug|ARM.Build.0 = Debug|Any CPU
		{51C610AB-D80C-4CD7-875A-9C7EC75D2A99}.Debug|ARM.Deploy.0 = Debug|Any CPU
		{51C610AB-D80C-4CD7-875A-9C7EC75D2A99}.Debug|iPhone.ActiveCfg = Debug|Any CPU
		{51C610AB-D80C-4CD7-875A-9C7EC75D2A99}.Debug|iPhone.Build.0 = Debug|Any CPU
		{51C610AB-D80C-4CD7-875A-9C7EC75D2A99}.Debug|iPhone.Deploy.0 = Debug|Any CPU
		{51C610AB-D80C-4CD7-875A-9C7EC75D2A99}.Debug|iPhoneSimulator.ActiveCfg = Debug|Any CPU
		{51C610AB-D80C-4CD7-875A-9C7EC75D2A99}.Debug|iPhoneSimulator.Build.0 = Debug|Any CPU
		{51C610AB-D80C-4CD7-875A-9C7EC75D2A99}.Debug|iPhoneSimulator.Deploy.0 = Debug|Any CPU
		{51C610AB-D80C-4CD7-875A-9C7EC75D2A99}.Debug|x64.ActiveCfg = Debug|Any CPU
		{51C610AB-D80C-4CD7-875A-9C7EC75D2A99}.Debug|x64.Build.0 = Debug|Any CPU
		{51C610AB-D80C-4CD7-875A-9C7EC75D2A99}.Debug|x64.Deploy.0 = Debug|Any CPU
		{51C610AB-D80C-4CD7-875A-9C7EC75D2A99}.Debug|x86.ActiveCfg = Debug|Any CPU
		{51C610AB-D80C-4CD7-875A-9C7EC75D2A99}.Debug|x86.Build.0 = Debug|Any CPU
		{51C610AB-D80C-4CD7-875A-9C7EC75D2A99}.Debug|x86.Deploy.0 = Debug|Any CPU
		{51C610AB-D80C-4CD7-875A-9C7EC75D2A99}.Release|Any CPU.ActiveCfg = Release|Any CPU
		{51C610AB-D80C-4CD7-875A-9C7EC75D2A99}.Release|Any CPU.Deploy.0 = Release|Any CPU
		{51C610AB-D80C-4CD7-875A-9C7EC75D2A99}.Release|ARM.ActiveCfg = Release|Any CPU
		{51C610AB-D80C-4CD7-875A-9C7EC75D2A99}.Release|ARM.Build.0 = Release|Any CPU
		{51C610AB-D80C-4CD7-875A-9C7EC75D2A99}.Release|ARM.Deploy.0 = Release|Any CPU
		{51C610AB-D80C-4CD7-875A-9C7EC75D2A99}.Release|iPhone.ActiveCfg = Release|Any CPU
		{51C610AB-D80C-4CD7-875A-9C7EC75D2A99}.Release|iPhone.Build.0 = Release|Any CPU
		{51C610AB-D80C-4CD7-875A-9C7EC75D2A99}.Release|iPhone.Deploy.0 = Release|Any CPU
		{51C610AB-D80C-4CD7-875A-9C7EC75D2A99}.Release|iPhoneSimulator.ActiveCfg = Release|Any CPU
		{51C610AB-D80C-4CD7-875A-9C7EC75D2A99}.Release|iPhoneSimulator.Build.0 = Release|Any CPU
		{51C610AB-D80C-4CD7-875A-9C7EC75D2A99}.Release|iPhoneSimulator.Deploy.0 = Release|Any CPU
		{51C610AB-D80C-4CD7-875A-9C7EC75D2A99}.Release|x64.ActiveCfg = Release|Any CPU
		{51C610AB-D80C-4CD7-875A-9C7EC75D2A99}.Release|x64.Build.0 = Release|Any CPU
		{51C610AB-D80C-4CD7-875A-9C7EC75D2A99}.Release|x64.Deploy.0 = Release|Any CPU
		{51C610AB-D80C-4CD7-875A-9C7EC75D2A99}.Release|x86.ActiveCfg = Release|Any CPU
		{51C610AB-D80C-4CD7-875A-9C7EC75D2A99}.Release|x86.Build.0 = Release|Any CPU
		{51C610AB-D80C-4CD7-875A-9C7EC75D2A99}.Release|x86.Deploy.0 = Release|Any CPU
		{0F20ABDA-6FD8-4F0E-BFE4-11F09355984C}.Ad-Hoc|Any CPU.ActiveCfg = Release|Any CPU
		{0F20ABDA-6FD8-4F0E-BFE4-11F09355984C}.Ad-Hoc|Any CPU.Build.0 = Release|Any CPU
		{0F20ABDA-6FD8-4F0E-BFE4-11F09355984C}.Ad-Hoc|ARM.ActiveCfg = Release|Any CPU
		{0F20ABDA-6FD8-4F0E-BFE4-11F09355984C}.Ad-Hoc|ARM.Build.0 = Release|Any CPU
		{0F20ABDA-6FD8-4F0E-BFE4-11F09355984C}.Ad-Hoc|iPhone.ActiveCfg = Release|Any CPU
		{0F20ABDA-6FD8-4F0E-BFE4-11F09355984C}.Ad-Hoc|iPhone.Build.0 = Release|Any CPU
		{0F20ABDA-6FD8-4F0E-BFE4-11F09355984C}.Ad-Hoc|iPhoneSimulator.ActiveCfg = Release|Any CPU
		{0F20ABDA-6FD8-4F0E-BFE4-11F09355984C}.Ad-Hoc|iPhoneSimulator.Build.0 = Release|Any CPU
		{0F20ABDA-6FD8-4F0E-BFE4-11F09355984C}.Ad-Hoc|x64.ActiveCfg = Release|Any CPU
		{0F20ABDA-6FD8-4F0E-BFE4-11F09355984C}.Ad-Hoc|x64.Build.0 = Release|Any CPU
		{0F20ABDA-6FD8-4F0E-BFE4-11F09355984C}.Ad-Hoc|x86.ActiveCfg = Release|Any CPU
		{0F20ABDA-6FD8-4F0E-BFE4-11F09355984C}.Ad-Hoc|x86.Build.0 = Release|Any CPU
		{0F20ABDA-6FD8-4F0E-BFE4-11F09355984C}.AppStore|Any CPU.ActiveCfg = Release|Any CPU
		{0F20ABDA-6FD8-4F0E-BFE4-11F09355984C}.AppStore|Any CPU.Build.0 = Release|Any CPU
		{0F20ABDA-6FD8-4F0E-BFE4-11F09355984C}.AppStore|ARM.ActiveCfg = Release|Any CPU
		{0F20ABDA-6FD8-4F0E-BFE4-11F09355984C}.AppStore|ARM.Build.0 = Release|Any CPU
		{0F20ABDA-6FD8-4F0E-BFE4-11F09355984C}.AppStore|iPhone.ActiveCfg = Release|Any CPU
		{0F20ABDA-6FD8-4F0E-BFE4-11F09355984C}.AppStore|iPhone.Build.0 = Release|Any CPU
		{0F20ABDA-6FD8-4F0E-BFE4-11F09355984C}.AppStore|iPhoneSimulator.ActiveCfg = Release|Any CPU
		{0F20ABDA-6FD8-4F0E-BFE4-11F09355984C}.AppStore|iPhoneSimulator.Build.0 = Release|Any CPU
		{0F20ABDA-6FD8-4F0E-BFE4-11F09355984C}.AppStore|x64.ActiveCfg = Release|Any CPU
		{0F20ABDA-6FD8-4F0E-BFE4-11F09355984C}.AppStore|x64.Build.0 = Release|Any CPU
		{0F20ABDA-6FD8-4F0E-BFE4-11F09355984C}.AppStore|x86.ActiveCfg = Release|Any CPU
		{0F20ABDA-6FD8-4F0E-BFE4-11F09355984C}.AppStore|x86.Build.0 = Release|Any CPU
		{0F20ABDA-6FD8-4F0E-BFE4-11F09355984C}.Debug|Any CPU.ActiveCfg = Debug|Any CPU
		{0F20ABDA-6FD8-4F0E-BFE4-11F09355984C}.Debug|ARM.ActiveCfg = Debug|Any CPU
		{0F20ABDA-6FD8-4F0E-BFE4-11F09355984C}.Debug|ARM.Build.0 = Debug|Any CPU
		{0F20ABDA-6FD8-4F0E-BFE4-11F09355984C}.Debug|iPhone.ActiveCfg = Debug|Any CPU
		{0F20ABDA-6FD8-4F0E-BFE4-11F09355984C}.Debug|iPhone.Build.0 = Debug|Any CPU
		{0F20ABDA-6FD8-4F0E-BFE4-11F09355984C}.Debug|iPhoneSimulator.ActiveCfg = Debug|Any CPU
		{0F20ABDA-6FD8-4F0E-BFE4-11F09355984C}.Debug|iPhoneSimulator.Build.0 = Debug|Any CPU
		{0F20ABDA-6FD8-4F0E-BFE4-11F09355984C}.Debug|x64.ActiveCfg = Debug|Any CPU
		{0F20ABDA-6FD8-4F0E-BFE4-11F09355984C}.Debug|x64.Build.0 = Debug|Any CPU
		{0F20ABDA-6FD8-4F0E-BFE4-11F09355984C}.Debug|x86.ActiveCfg = Debug|Any CPU
		{0F20ABDA-6FD8-4F0E-BFE4-11F09355984C}.Debug|x86.Build.0 = Debug|Any CPU
		{0F20ABDA-6FD8-4F0E-BFE4-11F09355984C}.Release|Any CPU.ActiveCfg = Release|Any CPU
		{0F20ABDA-6FD8-4F0E-BFE4-11F09355984C}.Release|Any CPU.Build.0 = Release|Any CPU
		{0F20ABDA-6FD8-4F0E-BFE4-11F09355984C}.Release|ARM.ActiveCfg = Release|Any CPU
		{0F20ABDA-6FD8-4F0E-BFE4-11F09355984C}.Release|ARM.Build.0 = Release|Any CPU
		{0F20ABDA-6FD8-4F0E-BFE4-11F09355984C}.Release|iPhone.ActiveCfg = Release|Any CPU
		{0F20ABDA-6FD8-4F0E-BFE4-11F09355984C}.Release|iPhone.Build.0 = Release|Any CPU
		{0F20ABDA-6FD8-4F0E-BFE4-11F09355984C}.Release|iPhoneSimulator.ActiveCfg = Release|Any CPU
		{0F20ABDA-6FD8-4F0E-BFE4-11F09355984C}.Release|iPhoneSimulator.Build.0 = Release|Any CPU
		{0F20ABDA-6FD8-4F0E-BFE4-11F09355984C}.Release|x64.ActiveCfg = Release|Any CPU
		{0F20ABDA-6FD8-4F0E-BFE4-11F09355984C}.Release|x64.Build.0 = Release|Any CPU
		{0F20ABDA-6FD8-4F0E-BFE4-11F09355984C}.Release|x86.ActiveCfg = Release|Any CPU
		{0F20ABDA-6FD8-4F0E-BFE4-11F09355984C}.Release|x86.Build.0 = Release|Any CPU
		{CCF68E02-20AC-4A37-AC34-C6D2CC2FF76D}.Ad-Hoc|Any CPU.ActiveCfg = Release|Any CPU
		{CCF68E02-20AC-4A37-AC34-C6D2CC2FF76D}.Ad-Hoc|Any CPU.Build.0 = Release|Any CPU
		{CCF68E02-20AC-4A37-AC34-C6D2CC2FF76D}.Ad-Hoc|ARM.ActiveCfg = Release|Any CPU
		{CCF68E02-20AC-4A37-AC34-C6D2CC2FF76D}.Ad-Hoc|ARM.Build.0 = Release|Any CPU
		{CCF68E02-20AC-4A37-AC34-C6D2CC2FF76D}.Ad-Hoc|iPhone.ActiveCfg = Release|Any CPU
		{CCF68E02-20AC-4A37-AC34-C6D2CC2FF76D}.Ad-Hoc|iPhone.Build.0 = Release|Any CPU
		{CCF68E02-20AC-4A37-AC34-C6D2CC2FF76D}.Ad-Hoc|iPhoneSimulator.ActiveCfg = Release|Any CPU
		{CCF68E02-20AC-4A37-AC34-C6D2CC2FF76D}.Ad-Hoc|iPhoneSimulator.Build.0 = Release|Any CPU
		{CCF68E02-20AC-4A37-AC34-C6D2CC2FF76D}.Ad-Hoc|x64.ActiveCfg = Release|Any CPU
		{CCF68E02-20AC-4A37-AC34-C6D2CC2FF76D}.Ad-Hoc|x64.Build.0 = Release|Any CPU
		{CCF68E02-20AC-4A37-AC34-C6D2CC2FF76D}.Ad-Hoc|x86.ActiveCfg = Release|Any CPU
		{CCF68E02-20AC-4A37-AC34-C6D2CC2FF76D}.Ad-Hoc|x86.Build.0 = Release|Any CPU
		{CCF68E02-20AC-4A37-AC34-C6D2CC2FF76D}.AppStore|Any CPU.ActiveCfg = Release|Any CPU
		{CCF68E02-20AC-4A37-AC34-C6D2CC2FF76D}.AppStore|Any CPU.Build.0 = Release|Any CPU
		{CCF68E02-20AC-4A37-AC34-C6D2CC2FF76D}.AppStore|ARM.ActiveCfg = Release|Any CPU
		{CCF68E02-20AC-4A37-AC34-C6D2CC2FF76D}.AppStore|ARM.Build.0 = Release|Any CPU
		{CCF68E02-20AC-4A37-AC34-C6D2CC2FF76D}.AppStore|iPhone.ActiveCfg = Release|Any CPU
		{CCF68E02-20AC-4A37-AC34-C6D2CC2FF76D}.AppStore|iPhone.Build.0 = Release|Any CPU
		{CCF68E02-20AC-4A37-AC34-C6D2CC2FF76D}.AppStore|iPhoneSimulator.ActiveCfg = Release|Any CPU
		{CCF68E02-20AC-4A37-AC34-C6D2CC2FF76D}.AppStore|iPhoneSimulator.Build.0 = Release|Any CPU
		{CCF68E02-20AC-4A37-AC34-C6D2CC2FF76D}.AppStore|x64.ActiveCfg = Release|Any CPU
		{CCF68E02-20AC-4A37-AC34-C6D2CC2FF76D}.AppStore|x64.Build.0 = Release|Any CPU
		{CCF68E02-20AC-4A37-AC34-C6D2CC2FF76D}.AppStore|x86.ActiveCfg = Release|Any CPU
		{CCF68E02-20AC-4A37-AC34-C6D2CC2FF76D}.AppStore|x86.Build.0 = Release|Any CPU
		{CCF68E02-20AC-4A37-AC34-C6D2CC2FF76D}.Debug|Any CPU.ActiveCfg = Debug|Any CPU
		{CCF68E02-20AC-4A37-AC34-C6D2CC2FF76D}.Debug|ARM.ActiveCfg = Debug|Any CPU
		{CCF68E02-20AC-4A37-AC34-C6D2CC2FF76D}.Debug|ARM.Build.0 = Debug|Any CPU
		{CCF68E02-20AC-4A37-AC34-C6D2CC2FF76D}.Debug|iPhone.ActiveCfg = Debug|Any CPU
		{CCF68E02-20AC-4A37-AC34-C6D2CC2FF76D}.Debug|iPhone.Build.0 = Debug|Any CPU
		{CCF68E02-20AC-4A37-AC34-C6D2CC2FF76D}.Debug|iPhoneSimulator.ActiveCfg = Debug|Any CPU
		{CCF68E02-20AC-4A37-AC34-C6D2CC2FF76D}.Debug|iPhoneSimulator.Build.0 = Debug|Any CPU
		{CCF68E02-20AC-4A37-AC34-C6D2CC2FF76D}.Debug|x64.ActiveCfg = Debug|Any CPU
		{CCF68E02-20AC-4A37-AC34-C6D2CC2FF76D}.Debug|x64.Build.0 = Debug|Any CPU
		{CCF68E02-20AC-4A37-AC34-C6D2CC2FF76D}.Debug|x86.ActiveCfg = Debug|Any CPU
		{CCF68E02-20AC-4A37-AC34-C6D2CC2FF76D}.Debug|x86.Build.0 = Debug|Any CPU
		{CCF68E02-20AC-4A37-AC34-C6D2CC2FF76D}.Release|Any CPU.ActiveCfg = Release|Any CPU
		{CCF68E02-20AC-4A37-AC34-C6D2CC2FF76D}.Release|Any CPU.Build.0 = Release|Any CPU
		{CCF68E02-20AC-4A37-AC34-C6D2CC2FF76D}.Release|ARM.ActiveCfg = Release|Any CPU
		{CCF68E02-20AC-4A37-AC34-C6D2CC2FF76D}.Release|ARM.Build.0 = Release|Any CPU
		{CCF68E02-20AC-4A37-AC34-C6D2CC2FF76D}.Release|iPhone.ActiveCfg = Release|Any CPU
		{CCF68E02-20AC-4A37-AC34-C6D2CC2FF76D}.Release|iPhone.Build.0 = Release|Any CPU
		{CCF68E02-20AC-4A37-AC34-C6D2CC2FF76D}.Release|iPhoneSimulator.ActiveCfg = Release|Any CPU
		{CCF68E02-20AC-4A37-AC34-C6D2CC2FF76D}.Release|iPhoneSimulator.Build.0 = Release|Any CPU
		{CCF68E02-20AC-4A37-AC34-C6D2CC2FF76D}.Release|x64.ActiveCfg = Release|Any CPU
		{CCF68E02-20AC-4A37-AC34-C6D2CC2FF76D}.Release|x64.Build.0 = Release|Any CPU
		{CCF68E02-20AC-4A37-AC34-C6D2CC2FF76D}.Release|x86.ActiveCfg = Release|Any CPU
		{CCF68E02-20AC-4A37-AC34-C6D2CC2FF76D}.Release|x86.Build.0 = Release|Any CPU
	EndGlobalSection
	GlobalSection(SolutionProperties) = preSolution
		HideSolutionNode = FALSE
	EndGlobalSection
	GlobalSection(ExtensibilityGlobals) = postSolution
		SolutionGuid = {2EF5703A-1FFD-4379-A4A3-DF06FC5AAE5F}
	EndGlobalSection
EndGlobal
